{
  "nodes": {
    "authentik": {
      "inputs": {
        "authentik-src": "authentik-src",
        "flake-compat": [
          "flake-compat"
        ],
        "flake-parts": "flake-parts",
        "flake-utils": [
          "flake-utils"
        ],
        "napalm": "napalm",
        "nixpkgs": [
          "nixpkgs"
        ],
        "poetry2nix": "poetry2nix",
        "systems": "systems"
      },
      "locked": {
        "lastModified": 1727453082,
        "narHash": "sha256-suPWs+2CzLdpt93veWogq1CEFSdVVHW0fwlOjJRff3E=",
        "owner": "nix-community",
        "repo": "authentik-nix",
        "rev": "1138b948d3e1d5bc453e096bac1a510487871415",
        "type": "github"
      },
      "original": {
        "owner": "nix-community",
        "repo": "authentik-nix",
        "type": "github"
      }
    },
    "authentik-src": {
      "flake": false,
      "locked": {
        "lastModified": 1727446911,
        "narHash": "sha256-AlIzFSVfXBuvHkrlFqIBhcRohax5XFXvz/9ULelE8tw=",
        "owner": "goauthentik",
        "repo": "authentik",
        "rev": "91d2445c61da49026f76dceb7f5b524e30335a42",
        "type": "github"
      },
      "original": {
        "owner": "goauthentik",
        "ref": "version/2024.8.3",
        "repo": "authentik",
        "type": "github"
      }
    },
    "bats-assert": {
      "flake": false,
      "locked": {
        "lastModified": 1636059754,
        "narHash": "sha256-ewME0l27ZqfmAwJO4h5biTALc9bDLv7Bl3ftBzBuZwk=",
        "owner": "bats-core",
        "repo": "bats-assert",
        "rev": "34551b1d7f8c7b677c1a66fc0ac140d6223409e5",
        "type": "github"
      },
      "original": {
        "owner": "bats-core",
        "repo": "bats-assert",
        "type": "github"
      }
    },
    "bats-support": {
      "flake": false,
      "locked": {
        "lastModified": 1548869839,
        "narHash": "sha256-Gr4ntadr42F2Ks8Pte2D4wNDbijhujuoJi4OPZnTAZU=",
        "owner": "bats-core",
        "repo": "bats-support",
        "rev": "d140a65044b2d6810381935ae7f0c94c7023c8c3",
        "type": "github"
      },
      "original": {
        "owner": "bats-core",
        "repo": "bats-support",
        "type": "github"
      }
    },
    "flake-compat": {
      "flake": false,
      "locked": {
        "lastModified": 1696426674,
        "narHash": "sha256-kvjfFW7WAETZlt09AgDn1MrtKzP7t90Vf7vypd3OL1U=",
        "owner": "edolstra",
        "repo": "flake-compat",
        "rev": "0f9255e01c2351cc7d116c072cb317785dd33b33",
        "type": "github"
      },
      "original": {
        "owner": "edolstra",
        "repo": "flake-compat",
        "type": "github"
      }
    },
    "flake-parts": {
      "inputs": {
        "nixpkgs-lib": "nixpkgs-lib"
      },
      "locked": {
        "lastModified": 1726153070,
        "narHash": "sha256-HO4zgY0ekfwO5bX0QH/3kJ/h4KvUDFZg8YpkNwIbg1U=",
        "owner": "hercules-ci",
        "repo": "flake-parts",
        "rev": "bcef6817a8b2aa20a5a6dbb19b43e63c5bf8619a",
        "type": "github"
      },
      "original": {
        "owner": "hercules-ci",
        "repo": "flake-parts",
        "type": "github"
      }
    },
    "flake-utils": {
      "inputs": {
        "systems": "systems_2"
      },
      "locked": {
        "lastModified": 1726560853,
        "narHash": "sha256-X6rJYSESBVr3hBoH0WbKE5KvhPU5bloyZ2L4K60/fPQ=",
        "owner": "numtide",
        "repo": "flake-utils",
        "rev": "c1dfcf08411b08f6b8615f7d8971a2bfa81d5e8a",
        "type": "github"
      },
      "original": {
        "owner": "numtide",
        "repo": "flake-utils",
        "type": "github"
      }
    },
    "flake-utils_2": {
      "locked": {
        "lastModified": 1634851050,
        "narHash": "sha256-N83GlSGPJJdcqhUxSCS/WwW5pksYf3VP1M13cDRTSVA=",
        "owner": "numtide",
        "repo": "flake-utils",
        "rev": "c91f3de5adaf1de973b797ef7485e441a65b8935",
        "type": "github"
      },
      "original": {
        "owner": "numtide",
        "repo": "flake-utils",
        "type": "github"
      }
    },
    "home-manager": {
      "inputs": {
        "nixpkgs": [
          "nixpkgs"
        ]
      },
      "locked": {
        "lastModified": 1731535640,
        "narHash": "sha256-2EckCJn4wxran/TsRiCOFcmVpep2m9EBKl99NBh2GnM=",
        "owner": "nix-community",
        "repo": "home-manager",
        "rev": "35b055009afd0107b69c286fca34d2ad98940d57",
        "type": "github"
      },
      "original": {
        "owner": "nix-community",
        "repo": "home-manager",
        "type": "github"
      }
    },
    "napalm": {
      "inputs": {
        "flake-utils": [
          "authentik",
          "flake-utils"
        ],
        "nixpkgs": [
          "authentik",
          "nixpkgs"
        ]
      },
      "locked": {
        "lastModified": 1725806412,
        "narHash": "sha256-lGZjkjds0p924QEhm/r0BhAxbHBJE1xMOldB/HmQH04=",
        "owner": "willibutz",
        "repo": "napalm",
        "rev": "b492440d9e64ae20736d3bec5c7715ffcbde83f5",
        "type": "github"
      },
      "original": {
        "owner": "willibutz",
        "ref": "avoid-foldl-stack-overflow",
        "repo": "napalm",
        "type": "github"
      }
    },
    "nix-github-actions": {
      "inputs": {
        "nixpkgs": [
          "authentik",
          "poetry2nix",
          "nixpkgs"
        ]
      },
      "locked": {
        "lastModified": 1703863825,
        "narHash": "sha256-rXwqjtwiGKJheXB43ybM8NwWB8rO2dSRrEqes0S7F5Y=",
        "owner": "nix-community",
        "repo": "nix-github-actions",
        "rev": "5163432afc817cf8bd1f031418d1869e4c9d5547",
        "type": "github"
      },
      "original": {
        "owner": "nix-community",
        "repo": "nix-github-actions",
        "type": "github"
      }
    },
    "nixpkgs": {
      "locked": {
        "lastModified": 1727348695,
        "narHash": "sha256-J+PeFKSDV+pHL7ukkfpVzCOO7mBSrrpJ3svwBFABbhI=",
        "owner": "NixOS",
        "repo": "nixpkgs",
        "rev": "1925c603f17fc89f4c8f6bf6f631a802ad85d784",
        "type": "github"
      },
      "original": {
        "owner": "NixOS",
        "ref": "nixos-unstable",
        "repo": "nixpkgs",
        "type": "github"
      }
    },
    "nixpkgs-lib": {
      "locked": {
        "lastModified": 1725233747,
        "narHash": "sha256-Ss8QWLXdr2JCBPcYChJhz4xJm+h/xjl4G0c0XlP6a74=",
        "type": "tarball",
        "url": "https://github.com/NixOS/nixpkgs/archive/356624c12086a18f2ea2825fed34523d60ccc4e3.tar.gz"
      },
      "original": {
        "type": "tarball",
        "url": "https://github.com/NixOS/nixpkgs/archive/356624c12086a18f2ea2825fed34523d60ccc4e3.tar.gz"
      }
    },
    "poetry2nix": {
      "inputs": {
        "flake-utils": [
          "authentik",
          "flake-utils"
        ],
        "nix-github-actions": "nix-github-actions",
        "nixpkgs": [
          "authentik",
          "nixpkgs"
        ],
        "systems": [
          "authentik",
          "systems"
        ],
        "treefmt-nix": "treefmt-nix"
      },
      "locked": {
        "lastModified": 1727169160,
        "narHash": "sha256-m/3tT0Wvk2V4H15riZC/yT7i7t+8V58HTDpthKV5yhk=",
        "owner": "nix-community",
        "repo": "poetry2nix",
        "rev": "7624b3e0275d9b52dbdda46ef7ffee66b36ff823",
        "type": "github"
      },
      "original": {
        "owner": "nix-community",
        "repo": "poetry2nix",
        "type": "github"
      }
    },
    "radio-media": {
      "flake": false,
      "locked": {
        "lastModified": 1730052800,
        "narHash": "sha256-EmiG2FYpZqNaFK7qhnJp6hCD/koQn5wFZ+sMCEJTPDc=",
        "ref": "refs/heads/main",
        "rev": "cec5548abb88708ebf21a02627ff1a3ffa6cc297",
        "revCount": 4,
        "type": "git",
        "url": "ssh://git@github.com/mitmh2025/radio-media"
      },
      "original": {
        "type": "git",
        "url": "ssh://git@github.com/mitmh2025/radio-media"
      }
    },
    "root": {
      "inputs": {
        "authentik": "authentik",
        "flake-compat": "flake-compat",
        "flake-utils": "flake-utils",
        "home-manager": "home-manager",
        "nixpkgs": "nixpkgs",
        "radio-media": "radio-media",
        "sops-nix": "sops-nix",
        "terranix": "terranix"
      }
    },
    "sops-nix": {
      "inputs": {
        "nixpkgs": [
          "nixpkgs"
        ],
        "nixpkgs-stable": [
          "nixpkgs"
        ]
      },
      "locked": {
        "lastModified": 1727423009,
        "narHash": "sha256-+4B/dQm2EnORIk0k2wV3aHGaE0WXTBjColXjj7qWh10=",
        "owner": "Mic92",
        "repo": "sops-nix",
        "rev": "127a96f49ddc377be6ba76964411bab11ae27803",
        "type": "github"
      },
      "original": {
        "owner": "Mic92",
        "repo": "sops-nix",
        "type": "github"
      }
    },
    "systems": {
      "locked": {
        "lastModified": 1689347949,
        "narHash": "sha256-12tWmuL2zgBgZkdoB6qXZsgJEH9LR3oUgpaQq2RbI80=",
        "owner": "nix-systems",
        "repo": "default-linux",
        "rev": "31732fcf5e8fea42e59c2488ad31a0e651500f68",
        "type": "github"
      },
      "original": {
        "owner": "nix-systems",
        "repo": "default-linux",
        "type": "github"
      }
    },
    "systems_2": {
      "locked": {
        "lastModified": 1681028828,
        "narHash": "sha256-Vy1rq5AaRuLzOxct8nz4T6wlgyUR7zLU309k9mBC768=",
        "owner": "nix-systems",
        "repo": "default",
        "rev": "da67096a3b9bf56a91d16901293e51ba5b49a27e",
        "type": "github"
      },
      "original": {
        "owner": "nix-systems",
        "repo": "default",
        "type": "github"
      }
    },
    "terranix": {
      "inputs": {
        "bats-assert": "bats-assert",
        "bats-support": "bats-support",
        "flake-utils": "flake-utils_2",
        "nixpkgs": [
          "nixpkgs"
        ],
        "terranix-examples": "terranix-examples"
      },
      "locked": {
        "lastModified": 1695406838,
        "narHash": "sha256-xiUfVD6rtsVWFotVtUW3Q1nQh4obKzgvpN1wqZuGXvM=",
        "owner": "terranix",
        "repo": "terranix",
        "rev": "fc9077ca02ab5681935dbf0ecd725c4d889b9275",
        "type": "github"
      },
      "original": {
        "owner": "terranix",
        "repo": "terranix",
        "type": "github"
      }
    },
    "terranix-examples": {
      "locked": {
        "lastModified": 1636300201,
        "narHash": "sha256-0n1je1WpiR6XfCsvi8ZK7GrpEnMl+DpwhWaO1949Vbc=",
        "owner": "terranix",
        "repo": "terranix-examples",
        "rev": "a934aa1cf88f6bd6c6ddb4c77b77ec6e1660bd5e",
        "type": "github"
      },
      "original": {
        "owner": "terranix",
        "repo": "terranix-examples",
        "type": "github"
      }
    },
    "treefmt-nix": {
      "inputs": {
        "nixpkgs": [
          "authentik",
          "poetry2nix",
          "nixpkgs"
        ]
      },
      "locked": {
        "lastModified": 1719749022,
        "narHash": "sha256-ddPKHcqaKCIFSFc/cvxS14goUhCOAwsM1PbMr0ZtHMg=",
        "owner": "numtide",
        "repo": "treefmt-nix",
        "rev": "8df5ff62195d4e67e2264df0b7f5e8c9995fd0bd",
        "type": "github"
      },
      "original": {
        "owner": "numtide",
        "repo": "treefmt-nix",
        "type": "github"
      }
    }
  },
  "root": "root",
  "version": 7
}
